// !$*UTF8*$!
{
	archiveVersion = 1;
	classes = {
	};
	objectVersion = 51;
	objects = {

/* Begin PBXBuildFile section */
		84404BAF26C5676200625AB9 /* data-latin.ttf in Resources */ = {isa = PBXBuildFile; fileRef = 84404BAE26C5676200625AB9 /* data-latin.ttf */; };
		84404BB126C5683B00625AB9 /* data-unifon.ttf in Resources */ = {isa = PBXBuildFile; fileRef = 84404BB026C5676800625AB9 /* data-unifon.ttf */; };
		8468CE5926BD456C001F73FA /* AppDelegate.swift in Sources */ = {isa = PBXBuildFile; fileRef = 8468CE5826BD456C001F73FA /* AppDelegate.swift */; };
		8468CE5B26BD456C001F73FA /* SceneDelegate.swift in Sources */ = {isa = PBXBuildFile; fileRef = 8468CE5A26BD456C001F73FA /* SceneDelegate.swift */; };
		8468CE5D26BD456C001F73FA /* CharacterViewController.swift in Sources */ = {isa = PBXBuildFile; fileRef = 8468CE5C26BD456C001F73FA /* CharacterViewController.swift */; };
		8468CE6326BD456C001F73FA /* RAMFinal.xcdatamodeld in Sources */ = {isa = PBXBuildFile; fileRef = 8468CE6126BD456C001F73FA /* RAMFinal.xcdatamodeld */; };
		8468CE6526BD456D001F73FA /* Assets.xcassets in Resources */ = {isa = PBXBuildFile; fileRef = 8468CE6426BD456D001F73FA /* Assets.xcassets */; };
		8468CE6826BD456D001F73FA /* LaunchScreen.storyboard in Resources */ = {isa = PBXBuildFile; fileRef = 8468CE6626BD456D001F73FA /* LaunchScreen.storyboard */; };
		8468CE7526BD48EC001F73FA /* Page.swift in Sources */ = {isa = PBXBuildFile; fileRef = 8468CE7426BD48EC001F73FA /* Page.swift */; };
		8468CE7726BD48F8001F73FA /* Character.swift in Sources */ = {isa = PBXBuildFile; fileRef = 8468CE7626BD48F8001F73FA /* Character.swift */; };
		8468CE7B26BD491F001F73FA /* Episode.swift in Sources */ = {isa = PBXBuildFile; fileRef = 8468CE7A26BD491F001F73FA /* Episode.swift */; };
		8468CE7D26BD4937001F73FA /* Location.swift in Sources */ = {isa = PBXBuildFile; fileRef = 8468CE7C26BD4937001F73FA /* Location.swift */; };
		8468CE7F26BD494A001F73FA /* Protocols.swift in Sources */ = {isa = PBXBuildFile; fileRef = 8468CE7E26BD494A001F73FA /* Protocols.swift */; };
		8468CE8126BD4A3F001F73FA /* Extensions.swift in Sources */ = {isa = PBXBuildFile; fileRef = 8468CE8026BD4A3F001F73FA /* Extensions.swift */; };
		8468CE8426BD4DBB001F73FA /* CharacterView.swift in Sources */ = {isa = PBXBuildFile; fileRef = 8468CE8326BD4DBB001F73FA /* CharacterView.swift */; };
		848FAB2326C29F73002B8D62 /* CharactersTableViewController.swift in Sources */ = {isa = PBXBuildFile; fileRef = 848FAB2226C29F73002B8D62 /* CharactersTableViewController.swift */; };
		848FAB2526C29FF1002B8D62 /* CharactersTableView.swift in Sources */ = {isa = PBXBuildFile; fileRef = 848FAB2426C29FF1002B8D62 /* CharactersTableView.swift */; };
		84A0BECF26C12D4D0095DA21 /* CharacterViewModel.swift in Sources */ = {isa = PBXBuildFile; fileRef = 84A0BECE26C12D4D0095DA21 /* CharacterViewModel.swift */; };
		84A0BED126C12DD20095DA21 /* DataManager.swift in Sources */ = {isa = PBXBuildFile; fileRef = 84A0BED026C12DD20095DA21 /* DataManager.swift */; };
		84A1877726CA7863001C5024 /* CharactersTableViewModel.swift in Sources */ = {isa = PBXBuildFile; fileRef = 84A1877626CA7863001C5024 /* CharactersTableViewModel.swift */; };
		84A70F0026CD2773004DE32A /* CharacterPreviewController.swift in Sources */ = {isa = PBXBuildFile; fileRef = 84A70EFF26CD2773004DE32A /* CharacterPreviewController.swift */; };
		84C0C66C26C6B76300C4F371 /* ArrayCharacter.swift in Sources */ = {isa = PBXBuildFile; fileRef = 84C0C66B26C6B76300C4F371 /* ArrayCharacter.swift */; };
		84EC126A26CFA4E4006ABF7B /* CharacterPreviewModel.swift in Sources */ = {isa = PBXBuildFile; fileRef = 84EC126926CFA4E4006ABF7B /* CharacterPreviewModel.swift */; };
		C4CCFFF87719862181537C1D /* Pods_RAMFinal.framework in Frameworks */ = {isa = PBXBuildFile; fileRef = D5EE260A77AC7A630B5BFB92 /* Pods_RAMFinal.framework */; };
/* End PBXBuildFile section */

/* Begin PBXFileReference section */
		84404BAE26C5676200625AB9 /* data-latin.ttf */ = {isa = PBXFileReference; lastKnownFileType = file; name = "data-latin.ttf"; path = "../../../Downloads/data-control 2/data-latin.ttf"; sourceTree = "<group>"; };
		84404BB026C5676800625AB9 /* data-unifon.ttf */ = {isa = PBXFileReference; lastKnownFileType = file; name = "data-unifon.ttf"; path = "../../../Downloads/data-control 2/data-unifon.ttf"; sourceTree = "<group>"; };
		8468CE5526BD456C001F73FA /* RAMFinal.app */ = {isa = PBXFileReference; explicitFileType = wrapper.application; includeInIndex = 0; path = RAMFinal.app; sourceTree = BUILT_PRODUCTS_DIR; };
		8468CE5826BD456C001F73FA /* AppDelegate.swift */ = {isa = PBXFileReference; lastKnownFileType = sourcecode.swift; path = AppDelegate.swift; sourceTree = "<group>"; };
		8468CE5A26BD456C001F73FA /* SceneDelegate.swift */ = {isa = PBXFileReference; lastKnownFileType = sourcecode.swift; path = SceneDelegate.swift; sourceTree = "<group>"; };
		8468CE5C26BD456C001F73FA /* CharacterViewController.swift */ = {isa = PBXFileReference; lastKnownFileType = sourcecode.swift; path = CharacterViewController.swift; sourceTree = "<group>"; };
		8468CE6226BD456C001F73FA /* RAMFinal.xcdatamodel */ = {isa = PBXFileReference; lastKnownFileType = wrapper.xcdatamodel; path = RAMFinal.xcdatamodel; sourceTree = "<group>"; };
		8468CE6426BD456D001F73FA /* Assets.xcassets */ = {isa = PBXFileReference; lastKnownFileType = folder.assetcatalog; path = Assets.xcassets; sourceTree = "<group>"; };
		8468CE6726BD456D001F73FA /* Base */ = {isa = PBXFileReference; lastKnownFileType = file.storyboard; name = Base; path = Base.lproj/LaunchScreen.storyboard; sourceTree = "<group>"; };
		8468CE6926BD456D001F73FA /* Info.plist */ = {isa = PBXFileReference; lastKnownFileType = text.plist.xml; path = Info.plist; sourceTree = "<group>"; };
		8468CE7426BD48EC001F73FA /* Page.swift */ = {isa = PBXFileReference; lastKnownFileType = sourcecode.swift; path = Page.swift; sourceTree = "<group>"; };
		8468CE7626BD48F8001F73FA /* Character.swift */ = {isa = PBXFileReference; lastKnownFileType = sourcecode.swift; path = Character.swift; sourceTree = "<group>"; };
		8468CE7A26BD491F001F73FA /* Episode.swift */ = {isa = PBXFileReference; lastKnownFileType = sourcecode.swift; path = Episode.swift; sourceTree = "<group>"; };
		8468CE7C26BD4937001F73FA /* Location.swift */ = {isa = PBXFileReference; lastKnownFileType = sourcecode.swift; path = Location.swift; sourceTree = "<group>"; };
		8468CE7E26BD494A001F73FA /* Protocols.swift */ = {isa = PBXFileReference; lastKnownFileType = sourcecode.swift; path = Protocols.swift; sourceTree = "<group>"; };
		8468CE8026BD4A3F001F73FA /* Extensions.swift */ = {isa = PBXFileReference; lastKnownFileType = sourcecode.swift; path = Extensions.swift; sourceTree = "<group>"; };
		8468CE8326BD4DBB001F73FA /* CharacterView.swift */ = {isa = PBXFileReference; lastKnownFileType = sourcecode.swift; path = CharacterView.swift; sourceTree = "<group>"; };
		848FAB2226C29F73002B8D62 /* CharactersTableViewController.swift */ = {isa = PBXFileReference; lastKnownFileType = sourcecode.swift; path = CharactersTableViewController.swift; sourceTree = "<group>"; };
		848FAB2426C29FF1002B8D62 /* CharactersTableView.swift */ = {isa = PBXFileReference; lastKnownFileType = sourcecode.swift; path = CharactersTableView.swift; sourceTree = "<group>"; };
		84A0BECE26C12D4D0095DA21 /* CharacterViewModel.swift */ = {isa = PBXFileReference; lastKnownFileType = sourcecode.swift; path = CharacterViewModel.swift; sourceTree = "<group>"; };
		84A0BED026C12DD20095DA21 /* DataManager.swift */ = {isa = PBXFileReference; lastKnownFileType = sourcecode.swift; path = DataManager.swift; sourceTree = "<group>"; };
		84A1877626CA7863001C5024 /* CharactersTableViewModel.swift */ = {isa = PBXFileReference; lastKnownFileType = sourcecode.swift; path = CharactersTableViewModel.swift; sourceTree = "<group>"; };
		84A70EFF26CD2773004DE32A /* CharacterPreviewController.swift */ = {isa = PBXFileReference; lastKnownFileType = sourcecode.swift; path = CharacterPreviewController.swift; sourceTree = "<group>"; };
		84C0C66B26C6B76300C4F371 /* ArrayCharacter.swift */ = {isa = PBXFileReference; lastKnownFileType = sourcecode.swift; path = ArrayCharacter.swift; sourceTree = "<group>"; };
		84EC126926CFA4E4006ABF7B /* CharacterPreviewModel.swift */ = {isa = PBXFileReference; lastKnownFileType = sourcecode.swift; path = CharacterPreviewModel.swift; sourceTree = "<group>"; };
		879A8D236915DD3935AF38AC /* Pods-RAMFinal.release.xcconfig */ = {isa = PBXFileReference; includeInIndex = 1; lastKnownFileType = text.xcconfig; name = "Pods-RAMFinal.release.xcconfig"; path = "Target Support Files/Pods-RAMFinal/Pods-RAMFinal.release.xcconfig"; sourceTree = "<group>"; };
		AE19ED7CD046B4F1F19D0150 /* Pods-RAMFinal.debug.xcconfig */ = {isa = PBXFileReference; includeInIndex = 1; lastKnownFileType = text.xcconfig; name = "Pods-RAMFinal.debug.xcconfig"; path = "Target Support Files/Pods-RAMFinal/Pods-RAMFinal.debug.xcconfig"; sourceTree = "<group>"; };
		D5EE260A77AC7A630B5BFB92 /* Pods_RAMFinal.framework */ = {isa = PBXFileReference; explicitFileType = wrapper.framework; includeInIndex = 0; path = Pods_RAMFinal.framework; sourceTree = BUILT_PRODUCTS_DIR; };
/* End PBXFileReference section */

/* Begin PBXFrameworksBuildPhase section */
		8468CE5226BD456C001F73FA /* Frameworks */ = {
			isa = PBXFrameworksBuildPhase;
			buildActionMask = 2147483647;
			files = (
				C4CCFFF87719862181537C1D /* Pods_RAMFinal.framework in Frameworks */,
			);
			runOnlyForDeploymentPostprocessing = 0;
		};
/* End PBXFrameworksBuildPhase section */

/* Begin PBXGroup section */
		84404BA926C5630100625AB9 /* fonts */ = {
			isa = PBXGroup;
			children = (
				84404BAE26C5676200625AB9 /* data-latin.ttf */,
				84404BB026C5676800625AB9 /* data-unifon.ttf */,
			);
			path = fonts;
			sourceTree = "<group>";
		};
		8468CE4C26BD456C001F73FA = {
			isa = PBXGroup;
			children = (
				8468CE5726BD456C001F73FA /* RAMFinal */,
				8468CE5626BD456C001F73FA /* Products */,
				84404BA926C5630100625AB9 /* fonts */,
				85AEED43BA1EC384B32FE0DF /* Pods */,
				9E0734D0205E98A45409FD86 /* Frameworks */,
			);
			sourceTree = "<group>";
		};
		8468CE5626BD456C001F73FA /* Products */ = {
			isa = PBXGroup;
			children = (
				8468CE5526BD456C001F73FA /* RAMFinal.app */,
			);
			name = Products;
			sourceTree = "<group>";
		};
		8468CE5726BD456C001F73FA /* RAMFinal */ = {
			isa = PBXGroup;
			children = (
				8468CE6F26BD46C0001F73FA /* AppAndSceneDelegate */,
				8468CE7326BD4709001F73FA /* DataOrganizer */,
				8468CE7226BD4701001F73FA /* Models */,
				8468CE7126BD46F4001F73FA /* View-Models */,
				8468CE7026BD46E8001F73FA /* ViewControllers */,
				8468CE8226BD4DA6001F73FA /* Views */,
				8468CE6426BD456D001F73FA /* Assets.xcassets */,
				8468CE6626BD456D001F73FA /* LaunchScreen.storyboard */,
				8468CE6926BD456D001F73FA /* Info.plist */,
				8468CE6126BD456C001F73FA /* RAMFinal.xcdatamodeld */,
			);
			path = RAMFinal;
			sourceTree = "<group>";
		};
		8468CE6F26BD46C0001F73FA /* AppAndSceneDelegate */ = {
			isa = PBXGroup;
			children = (
				8468CE5826BD456C001F73FA /* AppDelegate.swift */,
				8468CE5A26BD456C001F73FA /* SceneDelegate.swift */,
				8468CE8026BD4A3F001F73FA /* Extensions.swift */,
				8468CE7E26BD494A001F73FA /* Protocols.swift */,
			);
			path = AppAndSceneDelegate;
			sourceTree = "<group>";
		};
		8468CE7026BD46E8001F73FA /* ViewControllers */ = {
			isa = PBXGroup;
			children = (
				8468CE5C26BD456C001F73FA /* CharacterViewController.swift */,
				848FAB2226C29F73002B8D62 /* CharactersTableViewController.swift */,
				84A70EFF26CD2773004DE32A /* CharacterPreviewController.swift */,
			);
			path = ViewControllers;
			sourceTree = "<group>";
		};
		8468CE7126BD46F4001F73FA /* View-Models */ = {
			isa = PBXGroup;
			children = (
				84A0BECE26C12D4D0095DA21 /* CharacterViewModel.swift */,
				84A1877626CA7863001C5024 /* CharactersTableViewModel.swift */,
				84EC126926CFA4E4006ABF7B /* CharacterPreviewModel.swift */,
			);
			path = "View-Models";
			sourceTree = "<group>";
		};
		8468CE7226BD4701001F73FA /* Models */ = {
			isa = PBXGroup;
			children = (
				8468CE7426BD48EC001F73FA /* Page.swift */,
				8468CE7626BD48F8001F73FA /* Character.swift */,
				8468CE7A26BD491F001F73FA /* Episode.swift */,
				8468CE7C26BD4937001F73FA /* Location.swift */,
				84C0C66B26C6B76300C4F371 /* ArrayCharacter.swift */,
			);
			path = Models;
			sourceTree = "<group>";
		};
		8468CE7326BD4709001F73FA /* DataOrganizer */ = {
			isa = PBXGroup;
			children = (
				84A0BED026C12DD20095DA21 /* DataManager.swift */,
			);
			path = DataOrganizer;
			sourceTree = "<group>";
		};
		8468CE8226BD4DA6001F73FA /* Views */ = {
			isa = PBXGroup;
			children = (
				8468CE8326BD4DBB001F73FA /* CharacterView.swift */,
				848FAB2426C29FF1002B8D62 /* CharactersTableView.swift */,
			);
			path = Views;
			sourceTree = "<group>";
		};
		85AEED43BA1EC384B32FE0DF /* Pods */ = {
			isa = PBXGroup;
			children = (
				AE19ED7CD046B4F1F19D0150 /* Pods-RAMFinal.debug.xcconfig */,
				879A8D236915DD3935AF38AC /* Pods-RAMFinal.release.xcconfig */,
			);
			path = Pods;
			sourceTree = "<group>";
		};
		9E0734D0205E98A45409FD86 /* Frameworks */ = {
			isa = PBXGroup;
			children = (
				D5EE260A77AC7A630B5BFB92 /* Pods_RAMFinal.framework */,
			);
			name = Frameworks;
			sourceTree = "<group>";
		};
/* End PBXGroup section */

/* Begin PBXNativeTarget section */
		8468CE5426BD456C001F73FA /* RAMFinal */ = {
			isa = PBXNativeTarget;
			buildConfigurationList = 8468CE6C26BD456D001F73FA /* Build configuration list for PBXNativeTarget "RAMFinal" */;
			buildPhases = (
				D30D63D5D45361863F97AFC1 /* [CP] Check Pods Manifest.lock */,
				8468CE5126BD456C001F73FA /* Sources */,
				8468CE5226BD456C001F73FA /* Frameworks */,
				8468CE5326BD456C001F73FA /* Resources */,
				73D7C66417DC0F08A719A8A7 /* [CP] Embed Pods Frameworks */,
			);
			buildRules = (
			);
			dependencies = (
			);
			name = RAMFinal;
			productName = RAMFinal;
			productReference = 8468CE5526BD456C001F73FA /* RAMFinal.app */;
			productType = "com.apple.product-type.application";
		};
/* End PBXNativeTarget section */

/* Begin PBXProject section */
		8468CE4D26BD456C001F73FA /* Project object */ = {
			isa = PBXProject;
			attributes = {
				LastSwiftUpdateCheck = 1250;
				LastUpgradeCheck = 1250;
				TargetAttributes = {
					8468CE5426BD456C001F73FA = {
						CreatedOnToolsVersion = 12.5.1;
					};
				};
			};
			buildConfigurationList = 8468CE5026BD456C001F73FA /* Build configuration list for PBXProject "RAMFinal" */;
			compatibilityVersion = "Xcode 9.3";
			developmentRegion = en;
			hasScannedForEncodings = 0;
			knownRegions = (
				en,
				Base,
			);
			mainGroup = 8468CE4C26BD456C001F73FA;
			productRefGroup = 8468CE5626BD456C001F73FA /* Products */;
			projectDirPath = "";
			projectRoot = "";
			targets = (
				8468CE5426BD456C001F73FA /* RAMFinal */,
			);
		};
/* End PBXProject section */

/* Begin PBXResourcesBuildPhase section */
		8468CE5326BD456C001F73FA /* Resources */ = {
			isa = PBXResourcesBuildPhase;
			buildActionMask = 2147483647;
			files = (
				8468CE6826BD456D001F73FA /* LaunchScreen.storyboard in Resources */,
				84404BB126C5683B00625AB9 /* data-unifon.ttf in Resources */,
				8468CE6526BD456D001F73FA /* Assets.xcassets in Resources */,
				84404BAF26C5676200625AB9 /* data-latin.ttf in Resources */,
			);
			runOnlyForDeploymentPostprocessing = 0;
		};
/* End PBXResourcesBuildPhase section */

/* Begin PBXShellScriptBuildPhase section */
		73D7C66417DC0F08A719A8A7 /* [CP] Embed Pods Frameworks */ = {
			isa = PBXShellScriptBuildPhase;
			buildActionMask = 2147483647;
			files = (
			);
			inputFileListPaths = (
				"${PODS_ROOT}/Target Support Files/Pods-RAMFinal/Pods-RAMFinal-frameworks-${CONFIGURATION}-input-files.xcfilelist",
			);
			name = "[CP] Embed Pods Frameworks";
			outputFileListPaths = (
				"${PODS_ROOT}/Target Support Files/Pods-RAMFinal/Pods-RAMFinal-frameworks-${CONFIGURATION}-output-files.xcfilelist",
			);
			runOnlyForDeploymentPostprocessing = 0;
			shellPath = /bin/sh;
			shellScript = "\"${PODS_ROOT}/Target Support Files/Pods-RAMFinal/Pods-RAMFinal-frameworks.sh\"\n";
			showEnvVarsInLog = 0;
		};
		D30D63D5D45361863F97AFC1 /* [CP] Check Pods Manifest.lock */ = {
			isa = PBXShellScriptBuildPhase;
			buildActionMask = 2147483647;
			files = (
			);
			inputFileListPaths = (
			);
			inputPaths = (
				"${PODS_PODFILE_DIR_PATH}/Podfile.lock",
				"${PODS_ROOT}/Manifest.lock",
			);
			name = "[CP] Check Pods Manifest.lock";
			outputFileListPaths = (
			);
			outputPaths = (
				"$(DERIVED_FILE_DIR)/Pods-RAMFinal-checkManifestLockResult.txt",
			);
			runOnlyForDeploymentPostprocessing = 0;
			shellPath = /bin/sh;
			shellScript = "diff \"${PODS_PODFILE_DIR_PATH}/Podfile.lock\" \"${PODS_ROOT}/Manifest.lock\" > /dev/null\nif [ $? != 0 ] ; then\n    # print error to STDERR\n    echo \"error: The sandbox is not in sync with the Podfile.lock. Run 'pod install' or update your CocoaPods installation.\" >&2\n    exit 1\nfi\n# This output is used by Xcode 'outputs' to avoid re-running this script phase.\necho \"SUCCESS\" > \"${SCRIPT_OUTPUT_FILE_0}\"\n";
			showEnvVarsInLog = 0;
		};
/* End PBXShellScriptBuildPhase section */

/* Begin PBXSourcesBuildPhase section */
		8468CE5126BD456C001F73FA /* Sources */ = {
			isa = PBXSourcesBuildPhase;
			buildActionMask = 2147483647;
			files = (
				8468CE8426BD4DBB001F73FA /* CharacterView.swift in Sources */,
				8468CE5D26BD456C001F73FA /* CharacterViewController.swift in Sources */,
				8468CE5926BD456C001F73FA /* AppDelegate.swift in Sources */,
				8468CE7D26BD4937001F73FA /* Location.swift in Sources */,
				84A0BECF26C12D4D0095DA21 /* CharacterViewModel.swift in Sources */,
				84EC126A26CFA4E4006ABF7B /* CharacterPreviewModel.swift in Sources */,
				8468CE7B26BD491F001F73FA /* Episode.swift in Sources */,
				8468CE5B26BD456C001F73FA /* SceneDelegate.swift in Sources */,
				848FAB2526C29FF1002B8D62 /* CharactersTableView.swift in Sources */,
				848FAB2326C29F73002B8D62 /* CharactersTableViewController.swift in Sources */,
				8468CE8126BD4A3F001F73FA /* Extensions.swift in Sources */,
				8468CE7726BD48F8001F73FA /* Character.swift in Sources */,
				8468CE7F26BD494A001F73FA /* Protocols.swift in Sources */,
				8468CE6326BD456C001F73FA /* RAMFinal.xcdatamodeld in Sources */,
				84C0C66C26C6B76300C4F371 /* ArrayCharacter.swift in Sources */,
				84A1877726CA7863001C5024 /* CharactersTableViewModel.swift in Sources */,
				8468CE7526BD48EC001F73FA /* Page.swift in Sources */,
				84A70F0026CD2773004DE32A /* CharacterPreviewController.swift in Sources */,
				84A0BED126C12DD20095DA21 /* DataManager.swift in Sources */,
			);
			runOnlyForDeploymentPostprocessing = 0;
		};
/* End PBXSourcesBuildPhase section */

/* Begin PBXVariantGroup section */
		8468CE6626BD456D001F73FA /* LaunchScreen.storyboard */ = {
			isa = PBXVariantGroup;
			children = (
				8468CE6726BD456D001F73FA /* Base */,
			);
			name = LaunchScreen.storyboard;
			sourceTree = "<group>";
		};
/* End PBXVariantGroup section */

/* Begin XCBuildConfiguration section */
		8468CE6A26BD456D001F73FA /* Debug */ = {
			isa = XCBuildConfiguration;
			buildSettings = {
				ALWAYS_SEARCH_USER_PATHS = NO;
				CLANG_ANALYZER_NONNULL = YES;
				CLANG_ANALYZER_NUMBER_OBJECT_CONVERSION = YES_AGGRESSIVE;
				CLANG_CXX_LANGUAGE_STANDARD = "gnu++14";
				CLANG_CXX_LIBRARY = "libc++";
				CLANG_ENABLE_MODULES = YES;
				CLANG_ENABLE_OBJC_ARC = YES;
				CLANG_ENABLE_OBJC_WEAK = YES;
				CLANG_WARN_BLOCK_CAPTURE_AUTORELEASING = YES;
				CLANG_WARN_BOOL_CONVERSION = YES;
				CLANG_WARN_COMMA = YES;
				CLANG_WARN_CONSTANT_CONVERSION = YES;
				CLANG_WARN_DEPRECATED_OBJC_IMPLEMENTATIONS = YES;
				CLANG_WARN_DIRECT_OBJC_ISA_USAGE = YES_ERROR;
				CLANG_WARN_DOCUMENTATION_COMMENTS = YES;
				CLANG_WARN_EMPTY_BODY = YES;
				CLANG_WARN_ENUM_CONVERSION = YES;
				CLANG_WARN_INFINITE_RECURSION = YES;
				CLANG_WARN_INT_CONVERSION = YES;
				CLANG_WARN_NON_LITERAL_NULL_CONVERSION = YES;
				CLANG_WARN_OBJC_IMPLICIT_RETAIN_SELF = YES;
				CLANG_WARN_OBJC_LITERAL_CONVERSION = YES;
				CLANG_WARN_OBJC_ROOT_CLASS = YES_ERROR;
				CLANG_WARN_QUOTED_INCLUDE_IN_FRAMEWORK_HEADER = YES;
				CLANG_WARN_RANGE_LOOP_ANALYSIS = YES;
				CLANG_WARN_STRICT_PROTOTYPES = YES;
				CLANG_WARN_SUSPICIOUS_MOVE = YES;
				CLANG_WARN_UNGUARDED_AVAILABILITY = YES_AGGRESSIVE;
				CLANG_WARN_UNREACHABLE_CODE = YES;
				CLANG_WARN__DUPLICATE_METHOD_MATCH = YES;
				COPY_PHASE_STRIP = NO;
				DEBUG_INFORMATION_FORMAT = dwarf;
				ENABLE_STRICT_OBJC_MSGSEND = YES;
				ENABLE_TESTABILITY = YES;
				GCC_C_LANGUAGE_STANDARD = gnu11;
				GCC_DYNAMIC_NO_PIC = NO;
				GCC_NO_COMMON_BLOCKS = YES;
				GCC_OPTIMIZATION_LEVEL = 0;
				GCC_PREPROCESSOR_DEFINITIONS = (
					"DEBUG=1",
					"$(inherited)",
				);
				GCC_WARN_64_TO_32_BIT_CONVERSION = YES;
				GCC_WARN_ABOUT_RETURN_TYPE = YES_ERROR;
				GCC_WARN_UNDECLARED_SELECTOR = YES;
				GCC_WARN_UNINITIALIZED_AUTOS = YES_AGGRESSIVE;
				GCC_WARN_UNUSED_FUNCTION = YES;
				GCC_WARN_UNUSED_VARIABLE = YES;
				IPHONEOS_DEPLOYMENT_TARGET = 14.5;
				MTL_ENABLE_DEBUG_INFO = INCLUDE_SOURCE;
				MTL_FAST_MATH = YES;
				ONLY_ACTIVE_ARCH = YES;
				SDKROOT = iphoneos;
				SWIFT_ACTIVE_COMPILATION_CONDITIONS = DEBUG;
				SWIFT_OPTIMIZATION_LEVEL = "-Onone";
			};
			name = Debug;
		};
		8468CE6B26BD456D001F73FA /* Release */ = {
			isa = XCBuildConfiguration;
			buildSettings = {
				ALWAYS_SEARCH_USER_PATHS = NO;
				CLANG_ANALYZER_NONNULL = YES;
				CLANG_ANALYZER_NUMBER_OBJECT_CONVERSION = YES_AGGRESSIVE;
				CLANG_CXX_LANGUAGE_STANDARD = "gnu++14";
				CLANG_CXX_LIBRARY = "libc++";
				CLANG_ENABLE_MODULES = YES;
				CLANG_ENABLE_OBJC_ARC = YES;
				CLANG_ENABLE_OBJC_WEAK = YES;
				CLANG_WARN_BLOCK_CAPTURE_AUTORELEASING = YES;
				CLANG_WARN_BOOL_CONVERSION = YES;
				CLANG_WARN_COMMA = YES;
				CLANG_WARN_CONSTANT_CONVERSION = YES;
				CLANG_WARN_DEPRECATED_OBJC_IMPLEMENTATIONS = YES;
				CLANG_WARN_DIRECT_OBJC_ISA_USAGE = YES_ERROR;
				CLANG_WARN_DOCUMENTATION_COMMENTS = YES;
				CLANG_WARN_EMPTY_BODY = YES;
				CLANG_WARN_ENUM_CONVERSION = YES;
				CLANG_WARN_INFINITE_RECURSION = YES;
				CLANG_WARN_INT_CONVERSION = YES;
				CLANG_WARN_NON_LITERAL_NULL_CONVERSION = YES;
				CLANG_WARN_OBJC_IMPLICIT_RETAIN_SELF = YES;
				CLANG_WARN_OBJC_LITERAL_CONVERSION = YES;
				CLANG_WARN_OBJC_ROOT_CLASS = YES_ERROR;
				CLANG_WARN_QUOTED_INCLUDE_IN_FRAMEWORK_HEADER = YES;
				CLANG_WARN_RANGE_LOOP_ANALYSIS = YES;
				CLANG_WARN_STRICT_PROTOTYPES = YES;
				CLANG_WARN_SUSPICIOUS_MOVE = YES;
				CLANG_WARN_UNGUARDED_AVAILABILITY = YES_AGGRESSIVE;
				CLANG_WARN_UNREACHABLE_CODE = YES;
				CLANG_WARN__DUPLICATE_METHOD_MATCH = YES;
				COPY_PHASE_STRIP = NO;
				DEBUG_INFORMATION_FORMAT = "dwarf-with-dsym";
				ENABLE_NS_ASSERTIONS = NO;
				ENABLE_STRICT_OBJC_MSGSEND = YES;
				GCC_C_LANGUAGE_STANDARD = gnu11;
				GCC_NO_COMMON_BLOCKS = YES;
				GCC_WARN_64_TO_32_BIT_CONVERSION = YES;
				GCC_WARN_ABOUT_RETURN_TYPE = YES_ERROR;
				GCC_WARN_UNDECLARED_SELECTOR = YES;
				GCC_WARN_UNINITIALIZED_AUTOS = YES_AGGRESSIVE;
				GCC_WARN_UNUSED_FUNCTION = YES;
				GCC_WARN_UNUSED_VARIABLE = YES;
				IPHONEOS_DEPLOYMENT_TARGET = 14.5;
				MTL_ENABLE_DEBUG_INFO = NO;
				MTL_FAST_MATH = YES;
				SDKROOT = iphoneos;
				SWIFT_COMPILATION_MODE = wholemodule;
				SWIFT_OPTIMIZATION_LEVEL = "-O";
				VALIDATE_PRODUCT = YES;
			};
			name = Release;
		};
		8468CE6D26BD456D001F73FA /* Debug */ = {
			isa = XCBuildConfiguration;
			baseConfigurationReference = AE19ED7CD046B4F1F19D0150 /* Pods-RAMFinal.debug.xcconfig */;
			buildSettings = {
				ASSETCATALOG_COMPILER_APPICON_NAME = AppIcon;
				ASSETCATALOG_COMPILER_GLOBAL_ACCENT_COLOR_NAME = AccentColor;
				CODE_SIGN_STYLE = Automatic;
				INFOPLIST_FILE = RAMFinal/Info.plist;
				LD_RUNPATH_SEARCH_PATHS = (
					"$(inherited)",
					"@executable_path/Frameworks",
				);
				PRODUCT_BUNDLE_IDENTIFIER = spinney.RAMFinal;
				PRODUCT_NAME = "$(TARGET_NAME)";
				SWIFT_VERSION = 5.0;
				TARGETED_DEVICE_FAMILY = "1,2";
			};
			name = Debug;
		};
		8468CE6E26BD456D001F73FA /* Release */ = {
			isa = XCBuildConfiguration;
			baseConfigurationReference = 879A8D236915DD3935AF38AC /* Pods-RAMFinal.release.xcconfig */;
			buildSettings = {
				ASSETCATALOG_COMPILER_APPICON_NAME = AppIcon;
				ASSETCATALOG_COMPILER_GLOBAL_ACCENT_COLOR_NAME = AccentColor;
				CODE_SIGN_STYLE = Automatic;
				INFOPLIST_FILE = RAMFinal/Info.plist;
				LD_RUNPATH_SEARCH_PATHS = (
					"$(inherited)",
					"@executable_path/Frameworks",
				);
				PRODUCT_BUNDLE_IDENTIFIER = spinney.RAMFinal;
				PRODUCT_NAME = "$(TARGET_NAME)";
				SWIFT_VERSION = 5.0;
				TARGETED_DEVICE_FAMILY = "1,2";
			};
			name = Release;
		};
/* End XCBuildConfiguration section */

/* Begin XCConfigurationList section */
		8468CE5026BD456C001F73FA /* Build configuration list for PBXProject "RAMFinal" */ = {
			isa = XCConfigurationList;
			buildConfigurations = (
				8468CE6A26BD456D001F73FA /* Debug */,
				8468CE6B26BD456D001F73FA /* Release */,
			);
			defaultConfigurationIsVisible = 0;
			defaultConfigurationName = Release;
		};
		8468CE6C26BD456D001F73FA /* Build configuration list for PBXNativeTarget "RAMFinal" */ = {
			isa = XCConfigurationList;
			buildConfigurations = (
				8468CE6D26BD456D001F73FA /* Debug */,
				8468CE6E26BD456D001F73FA /* Release */,
			);
			defaultConfigurationIsVisible = 0;
			defaultConfigurationName = Release;
		};
/* End XCConfigurationList section */

/* Begin XCVersionGroup section */
		8468CE6126BD456C001F73FA /* RAMFinal.xcdatamodeld */ = {
			isa = XCVersionGroup;
			children = (
				8468CE6226BD456C001F73FA /* RAMFinal.xcdatamodel */,
			);
			currentVersion = 8468CE6226BD456C001F73FA /* RAMFinal.xcdatamodel */;
			path = RAMFinal.xcdatamodeld;
			sourceTree = "<group>";
			versionGroupType = wrapper.xcdatamodel;
		};
/* End XCVersionGroup section */
	};
	rootObject = 8468CE4D26BD456C001F73FA /* Project object */;
}
